// !$*UTF8*$!
{
	archiveVersion = 1;
	classes = {
	};
	objectVersion = 48;
	objects = {

/* Begin PBXBuildFile section */
		029F46700624AD72D8AFEA88 /* Pods_json_parsing.framework in Frameworks */ = {isa = PBXBuildFile; fileRef = EECA736726C2A1E169836BF1 /* Pods_json_parsing.framework */; };
		AF12EEE11FE7D88800C411BB /* DetailViewController.swift in Sources */ = {isa = PBXBuildFile; fileRef = AF12EEE01FE7D88800C411BB /* DetailViewController.swift */; };
		AF181EF71FE300370082829A /* AppDelegate.swift in Sources */ = {isa = PBXBuildFile; fileRef = AF181EF61FE300370082829A /* AppDelegate.swift */; };
		AF181EF91FE300370082829A /* ViewController.swift in Sources */ = {isa = PBXBuildFile; fileRef = AF181EF81FE300370082829A /* ViewController.swift */; };
		AF181EFC1FE300370082829A /* Main.storyboard in Resources */ = {isa = PBXBuildFile; fileRef = AF181EFA1FE300370082829A /* Main.storyboard */; };
		AF181F011FE300370082829A /* LaunchScreen.storyboard in Resources */ = {isa = PBXBuildFile; fileRef = AF181EFF1FE300370082829A /* LaunchScreen.storyboard */; };
		AF2519501FE58EFA004114E1 /* EventsViewControllerCollectionViewController.swift in Sources */ = {isa = PBXBuildFile; fileRef = AF25194F1FE58EFA004114E1 /* EventsViewControllerCollectionViewController.swift */; };
		AF2519521FE59BA8004114E1 /* EventsCollectionViewCell.swift in Sources */ = {isa = PBXBuildFile; fileRef = AF2519511FE59BA8004114E1 /* EventsCollectionViewCell.swift */; };
		AF5054401FE308B400342FB5 /* Place.swift in Sources */ = {isa = PBXBuildFile; fileRef = AF50543F1FE308B400342FB5 /* Place.swift */; };
		AF6F1E841FE7FF160006AA02 /* Images.xcassets in Resources */ = {isa = PBXBuildFile; fileRef = AF6F1E831FE7FF160006AA02 /* Images.xcassets */; };
		AFBD24741FE30BE70001836E /* Event.swift in Sources */ = {isa = PBXBuildFile; fileRef = AFBD24731FE30BE70001836E /* Event.swift */; };
		FBD9110D2B179001CAE5574D /* Extensions.swift in Sources */ = {isa = PBXBuildFile; fileRef = FBD91E48327610AA704263A7 /* Extensions.swift */; };
		FBD91218CBFFF79976831639 /* events.json in Resources */ = {isa = PBXBuildFile; fileRef = FBD917856AC2FF4C1D6F4CF0 /* events.json */; };
		FBD9139B996CC195A6BDD711 /* Date.swift in Sources */ = {isa = PBXBuildFile; fileRef = FBD911B20E51D4E5051B5155 /* Date.swift */; };
		FBD9151DAB4A5CC17DFF5EF2 /* Category.swift in Sources */ = {isa = PBXBuildFile; fileRef = FBD9112F960952FFA5C49FF6 /* Category.swift */; };
		FBD915385F6C3B5209CCB87B /* IdProtocol.swift in Sources */ = {isa = PBXBuildFile; fileRef = FBD911E161349EE84947022F /* IdProtocol.swift */; };
		FBD918DF3EB01C5FF9B56A93 /* categories.json in Resources */ = {isa = PBXBuildFile; fileRef = FBD91EB94502F442CDD30FF7 /* categories.json */; };
		FBD91BD164EDED7FA5508FC5 /* places.json in Resources */ = {isa = PBXBuildFile; fileRef = FBD91B575FCC8492DF5A4E44 /* places.json */; };
		FBD91C089E4E9C9A6A0151DF /* DataMapper.swift in Sources */ = {isa = PBXBuildFile; fileRef = FBD919BD59FC5CCD2FACDAA8 /* DataMapper.swift */; };
		FBD91CB76D596F7ED362CFCD /* NameProtocol.swift in Sources */ = {isa = PBXBuildFile; fileRef = FBD9110FEA8631AA6BED524F /* NameProtocol.swift */; };
		FBD91F0877AF234D7AF0B21A /* .gitignore in Resources */ = {isa = PBXBuildFile; fileRef = FBD9129558A999CA5849CA2C /* .gitignore */; };
/* End PBXBuildFile section */

/* Begin PBXFileReference section */
		112084FF2AD4954FFACA8439 /* Pods-json-parsing.release.xcconfig */ = {isa = PBXFileReference; includeInIndex = 1; lastKnownFileType = text.xcconfig; name = "Pods-json-parsing.release.xcconfig"; path = "Pods/Target Support Files/Pods-json-parsing/Pods-json-parsing.release.xcconfig"; sourceTree = "<group>"; };
		569E4E97102CD7F941BC841F /* Pods-json-parsing.debug.xcconfig */ = {isa = PBXFileReference; includeInIndex = 1; lastKnownFileType = text.xcconfig; name = "Pods-json-parsing.debug.xcconfig"; path = "Pods/Target Support Files/Pods-json-parsing/Pods-json-parsing.debug.xcconfig"; sourceTree = "<group>"; };
		AF12EEE01FE7D88800C411BB /* DetailViewController.swift */ = {isa = PBXFileReference; lastKnownFileType = sourcecode.swift; path = DetailViewController.swift; sourceTree = "<group>"; };
		AF181EF31FE300370082829A /* json-parsing.app */ = {isa = PBXFileReference; explicitFileType = wrapper.application; includeInIndex = 0; path = "json-parsing.app"; sourceTree = BUILT_PRODUCTS_DIR; };
		AF181EF61FE300370082829A /* AppDelegate.swift */ = {isa = PBXFileReference; lastKnownFileType = sourcecode.swift; path = AppDelegate.swift; sourceTree = "<group>"; };
		AF181EF81FE300370082829A /* ViewController.swift */ = {isa = PBXFileReference; lastKnownFileType = sourcecode.swift; path = ViewController.swift; sourceTree = "<group>"; };
		AF181EFB1FE300370082829A /* Base */ = {isa = PBXFileReference; lastKnownFileType = file.storyboard; name = Base; path = Base.lproj/Main.storyboard; sourceTree = "<group>"; };
		AF181F001FE300370082829A /* Base */ = {isa = PBXFileReference; lastKnownFileType = file.storyboard; name = Base; path = Base.lproj/LaunchScreen.storyboard; sourceTree = "<group>"; };
		AF181F021FE300370082829A /* Info.plist */ = {isa = PBXFileReference; lastKnownFileType = text.plist.xml; path = Info.plist; sourceTree = "<group>"; };
		AF25194F1FE58EFA004114E1 /* EventsViewControllerCollectionViewController.swift */ = {isa = PBXFileReference; lastKnownFileType = sourcecode.swift; path = EventsViewControllerCollectionViewController.swift; sourceTree = "<group>"; };
		AF2519511FE59BA8004114E1 /* EventsCollectionViewCell.swift */ = {isa = PBXFileReference; lastKnownFileType = sourcecode.swift; path = EventsCollectionViewCell.swift; sourceTree = "<group>"; };
		AF50543F1FE308B400342FB5 /* Place.swift */ = {isa = PBXFileReference; lastKnownFileType = sourcecode.swift; path = Place.swift; sourceTree = "<group>"; };
		AF6F1E831FE7FF160006AA02 /* Images.xcassets */ = {isa = PBXFileReference; lastKnownFileType = folder.assetcatalog; path = Images.xcassets; sourceTree = "<group>"; };
		AFBD24731FE30BE70001836E /* Event.swift */ = {isa = PBXFileReference; lastKnownFileType = sourcecode.swift; path = Event.swift; sourceTree = "<group>"; };
		EECA736726C2A1E169836BF1 /* Pods_json_parsing.framework */ = {isa = PBXFileReference; explicitFileType = wrapper.framework; includeInIndex = 0; path = Pods_json_parsing.framework; sourceTree = BUILT_PRODUCTS_DIR; };
		FBD9110FEA8631AA6BED524F /* NameProtocol.swift */ = {isa = PBXFileReference; fileEncoding = 4; lastKnownFileType = sourcecode.swift; path = NameProtocol.swift; sourceTree = "<group>"; };
		FBD9112F960952FFA5C49FF6 /* Category.swift */ = {isa = PBXFileReference; fileEncoding = 4; lastKnownFileType = sourcecode.swift; path = Category.swift; sourceTree = "<group>"; };
		FBD911B20E51D4E5051B5155 /* Date.swift */ = {isa = PBXFileReference; fileEncoding = 4; lastKnownFileType = sourcecode.swift; path = Date.swift; sourceTree = "<group>"; };
		FBD911E161349EE84947022F /* IdProtocol.swift */ = {isa = PBXFileReference; fileEncoding = 4; lastKnownFileType = sourcecode.swift; path = IdProtocol.swift; sourceTree = "<group>"; };
		FBD9129558A999CA5849CA2C /* .gitignore */ = {isa = PBXFileReference; lastKnownFileType = file.gitignore; path = .gitignore; sourceTree = "<group>"; };
		FBD917856AC2FF4C1D6F4CF0 /* events.json */ = {isa = PBXFileReference; fileEncoding = 4; lastKnownFileType = text.json; path = events.json; sourceTree = "<group>"; };
		FBD919BD59FC5CCD2FACDAA8 /* DataMapper.swift */ = {isa = PBXFileReference; fileEncoding = 4; lastKnownFileType = sourcecode.swift; path = DataMapper.swift; sourceTree = "<group>"; };
		FBD91B575FCC8492DF5A4E44 /* places.json */ = {isa = PBXFileReference; fileEncoding = 4; lastKnownFileType = text.json; path = places.json; sourceTree = "<group>"; };
		FBD91E48327610AA704263A7 /* Extensions.swift */ = {isa = PBXFileReference; fileEncoding = 4; lastKnownFileType = sourcecode.swift; path = Extensions.swift; sourceTree = "<group>"; };
		FBD91EB94502F442CDD30FF7 /* categories.json */ = {isa = PBXFileReference; fileEncoding = 4; lastKnownFileType = text.json; path = categories.json; sourceTree = "<group>"; };
/* End PBXFileReference section */

/* Begin PBXFrameworksBuildPhase section */
		AF181EF01FE300370082829A /* Frameworks */ = {
			isa = PBXFrameworksBuildPhase;
			buildActionMask = 2147483647;
			files = (
				029F46700624AD72D8AFEA88 /* Pods_json_parsing.framework in Frameworks */,
			);
			runOnlyForDeploymentPostprocessing = 0;
		};
/* End PBXFrameworksBuildPhase section */

/* Begin PBXGroup section */
		00F41FA8FDC947E3FC3F557F /* Frameworks */ = {
			isa = PBXGroup;
			children = (
				EECA736726C2A1E169836BF1 /* Pods_json_parsing.framework */,
			);
			name = Frameworks;
			sourceTree = "<group>";
		};
		57982124D0E65D21480F0A7D /* Pods */ = {
			isa = PBXGroup;
			children = (
				569E4E97102CD7F941BC841F /* Pods-json-parsing.debug.xcconfig */,
				112084FF2AD4954FFACA8439 /* Pods-json-parsing.release.xcconfig */,
			);
			name = Pods;
			sourceTree = "<group>";
		};
		AF181EEA1FE300370082829A = {
			isa = PBXGroup;
			children = (
				AF181EF51FE300370082829A /* json-parsing */,
				AF181EF41FE300370082829A /* Products */,
				FBD9129558A999CA5849CA2C /* .gitignore */,
				57982124D0E65D21480F0A7D /* Pods */,
				00F41FA8FDC947E3FC3F557F /* Frameworks */,
			);
			sourceTree = "<group>";
		};
		AF181EF41FE300370082829A /* Products */ = {
			isa = PBXGroup;
			children = (
				AF181EF31FE300370082829A /* json-parsing.app */,
			);
			name = Products;
			sourceTree = "<group>";
		};
		AF181EF51FE300370082829A /* json-parsing */ = {
			isa = PBXGroup;
			children = (
				AF50543E1FE3088800342FB5 /* Models */,
				AF181EF61FE300370082829A /* AppDelegate.swift */,
				AF181EF81FE300370082829A /* ViewController.swift */,
				AF181EFA1FE300370082829A /* Main.storyboard */,
				AF181EFF1FE300370082829A /* LaunchScreen.storyboard */,
				AF6F1E831FE7FF160006AA02 /* Images.xcassets */,
				AF181F021FE300370082829A /* Info.plist */,
				FBD917131A11A97DB872CFDE /* Data */,
				FBD91E54001713B978D83D34 /* Views */,
				FBD91E48327610AA704263A7 /* Extensions.swift */,
			);
			path = "json-parsing";
			sourceTree = "<group>";
		};
		AF50543E1FE3088800342FB5 /* Models */ = {
			isa = PBXGroup;
			children = (
				AF50543F1FE308B400342FB5 /* Place.swift */,
				AFBD24731FE30BE70001836E /* Event.swift */,
				FBD9112F960952FFA5C49FF6 /* Category.swift */,
				FBD911B20E51D4E5051B5155 /* Date.swift */,
			);
			path = Models;
			sourceTree = "<group>";
		};
		FBD917131A11A97DB872CFDE /* Data */ = {
			isa = PBXGroup;
			children = (
				FBD917856AC2FF4C1D6F4CF0 /* events.json */,
				FBD91B575FCC8492DF5A4E44 /* places.json */,
				FBD91EB94502F442CDD30FF7 /* categories.json */,
				FBD919BD59FC5CCD2FACDAA8 /* DataMapper.swift */,
				FBD911E161349EE84947022F /* IdProtocol.swift */,
				FBD9110FEA8631AA6BED524F /* NameProtocol.swift */,
			);
			path = Data;
			sourceTree = "<group>";
		};
		FBD91E54001713B978D83D34 /* Views */ = {
			isa = PBXGroup;
			children = (
				AF25194F1FE58EFA004114E1 /* EventsViewControllerCollectionViewController.swift */,
				FBD91E906B0C407FB4266D5A /* Cell */,
				AF12EEE01FE7D88800C411BB /* DetailViewController.swift */,
			);
			path = Views;
			sourceTree = "<group>";
		};
		FBD91E906B0C407FB4266D5A /* Cell */ = {
			isa = PBXGroup;
			children = (
				AF2519511FE59BA8004114E1 /* EventsCollectionViewCell.swift */,
			);
			path = Cell;
			sourceTree = "<group>";
		};
/* End PBXGroup section */

/* Begin PBXNativeTarget section */
		AF181EF21FE300370082829A /* json-parsing */ = {
			isa = PBXNativeTarget;
			buildConfigurationList = AF181F051FE300370082829A /* Build configuration list for PBXNativeTarget "json-parsing" */;
			buildPhases = (
				A0AB6494488E1B5985FFC67F /* [CP] Check Pods Manifest.lock */,
				AF181EEF1FE300370082829A /* Sources */,
				AF181EF01FE300370082829A /* Frameworks */,
				AF181EF11FE300370082829A /* Resources */,
				ECC4D9F005274D40F4470A98 /* [CP] Embed Pods Frameworks */,
				6D0420E5519395B0C667D482 /* [CP] Copy Pods Resources */,
			);
			buildRules = (
			);
			dependencies = (
			);
			name = "json-parsing";
			productName = "json-parsing";
			productReference = AF181EF31FE300370082829A /* json-parsing.app */;
			productType = "com.apple.product-type.application";
		};
/* End PBXNativeTarget section */

/* Begin PBXProject section */
		AF181EEB1FE300370082829A /* Project object */ = {
			isa = PBXProject;
			attributes = {
				LastSwiftUpdateCheck = 0920;
				LastUpgradeCheck = 0920;
				ORGANIZATIONNAME = Brogrammers;
				TargetAttributes = {
					AF181EF21FE300370082829A = {
						CreatedOnToolsVersion = 9.2;
						ProvisioningStyle = Automatic;
					};
				};
			};
			buildConfigurationList = AF181EEE1FE300370082829A /* Build configuration list for PBXProject "json-parsing" */;
			compatibilityVersion = "Xcode 8.0";
			developmentRegion = en;
			hasScannedForEncodings = 0;
			knownRegions = (
				en,
				Base,
			);
			mainGroup = AF181EEA1FE300370082829A;
			productRefGroup = AF181EF41FE300370082829A /* Products */;
			projectDirPath = "";
			projectRoot = "";
			targets = (
				AF181EF21FE300370082829A /* json-parsing */,
			);
		};
/* End PBXProject section */

/* Begin PBXResourcesBuildPhase section */
		AF181EF11FE300370082829A /* Resources */ = {
			isa = PBXResourcesBuildPhase;
			buildActionMask = 2147483647;
			files = (
				AF181F011FE300370082829A /* LaunchScreen.storyboard in Resources */,
				AF181EFC1FE300370082829A /* Main.storyboard in Resources */,
				AF6F1E841FE7FF160006AA02 /* Images.xcassets in Resources */,
				FBD91218CBFFF79976831639 /* events.json in Resources */,
				FBD91BD164EDED7FA5508FC5 /* places.json in Resources */,
				FBD918DF3EB01C5FF9B56A93 /* categories.json in Resources */,
				FBD91F0877AF234D7AF0B21A /* .gitignore in Resources */,
			);
			runOnlyForDeploymentPostprocessing = 0;
		};
/* End PBXResourcesBuildPhase section */

/* Begin PBXShellScriptBuildPhase section */
		6D0420E5519395B0C667D482 /* [CP] Copy Pods Resources */ = {
			isa = PBXShellScriptBuildPhase;
			buildActionMask = 2147483647;
			files = (
			);
			inputPaths = (
			);
			name = "[CP] Copy Pods Resources";
			outputPaths = (
			);
			runOnlyForDeploymentPostprocessing = 0;
			shellPath = /bin/sh;
			shellScript = "\"${SRCROOT}/Pods/Target Support Files/Pods-json-parsing/Pods-json-parsing-resources.sh\"\n";
			showEnvVarsInLog = 0;
		};
		A0AB6494488E1B5985FFC67F /* [CP] Check Pods Manifest.lock */ = {
			isa = PBXShellScriptBuildPhase;
			buildActionMask = 2147483647;
			files = (
			);
			inputPaths = (
				"${PODS_PODFILE_DIR_PATH}/Podfile.lock",
				"${PODS_ROOT}/Manifest.lock",
			);
			name = "[CP] Check Pods Manifest.lock";
			outputPaths = (
				"$(DERIVED_FILE_DIR)/Pods-json-parsing-checkManifestLockResult.txt",
			);
			runOnlyForDeploymentPostprocessing = 0;
			shellPath = /bin/sh;
			shellScript = "diff \"${PODS_PODFILE_DIR_PATH}/Podfile.lock\" \"${PODS_ROOT}/Manifest.lock\" > /dev/null\nif [ $? != 0 ] ; then\n    # print error to STDERR\n    echo \"error: The sandbox is not in sync with the Podfile.lock. Run 'pod install' or update your CocoaPods installation.\" >&2\n    exit 1\nfi\n# This output is used by Xcode 'outputs' to avoid re-running this script phase.\necho \"SUCCESS\" > \"${SCRIPT_OUTPUT_FILE_0}\"\n";
			showEnvVarsInLog = 0;
		};
		ECC4D9F005274D40F4470A98 /* [CP] Embed Pods Frameworks */ = {
			isa = PBXShellScriptBuildPhase;
			buildActionMask = 2147483647;
			files = (
			);
			inputPaths = (
				"${SRCROOT}/Pods/Target Support Files/Pods-json-parsing/Pods-json-parsing-frameworks.sh",
				"${BUILT_PRODUCTS_DIR}/Pluralize.swift/Pluralize_swift.framework",
				"${BUILT_PRODUCTS_DIR}/UPCarouselFlowLayout/UPCarouselFlowLayout.framework",
			);
			name = "[CP] Embed Pods Frameworks";
			outputPaths = (
				"${TARGET_BUILD_DIR}/${FRAMEWORKS_FOLDER_PATH}/Pluralize_swift.framework",
				"${TARGET_BUILD_DIR}/${FRAMEWORKS_FOLDER_PATH}/UPCarouselFlowLayout.framework",
			);
			runOnlyForDeploymentPostprocessing = 0;
			shellPath = /bin/sh;
			shellScript = "\"${SRCROOT}/Pods/Target Support Files/Pods-json-parsing/Pods-json-parsing-frameworks.sh\"\n";
			showEnvVarsInLog = 0;
		};
/* End PBXShellScriptBuildPhase section */

/* Begin PBXSourcesBuildPhase section */
		AF181EEF1FE300370082829A /* Sources */ = {
			isa = PBXSourcesBuildPhase;
			buildActionMask = 2147483647;
			files = (
				AF12EEE11FE7D88800C411BB /* DetailViewController.swift in Sources */,
				AFBD24741FE30BE70001836E /* Event.swift in Sources */,
				AF5054401FE308B400342FB5 /* Place.swift in Sources */,
				AF2519501FE58EFA004114E1 /* EventsViewControllerCollectionViewController.swift in Sources */,
				AF2519521FE59BA8004114E1 /* EventsCollectionViewCell.swift in Sources */,
				AF181EF91FE300370082829A /* ViewController.swift in Sources */,
				AF181EF71FE300370082829A /* AppDelegate.swift in Sources */,
				FBD9151DAB4A5CC17DFF5EF2 /* Category.swift in Sources */,
				FBD9139B996CC195A6BDD711 /* Date.swift in Sources */,
				FBD91C089E4E9C9A6A0151DF /* DataMapper.swift in Sources */,
				FBD915385F6C3B5209CCB87B /* IdProtocol.swift in Sources */,
				FBD91CB76D596F7ED362CFCD /* NameProtocol.swift in Sources */,
				FBD9110D2B179001CAE5574D /* Extensions.swift in Sources */,
			);
			runOnlyForDeploymentPostprocessing = 0;
		};
/* End PBXSourcesBuildPhase section */

/* Begin PBXVariantGroup section */
		AF181EFA1FE300370082829A /* Main.storyboard */ = {
			isa = PBXVariantGroup;
			children = (
				AF181EFB1FE300370082829A /* Base */,
			);
			name = Main.storyboard;
			sourceTree = "<group>";
		};
		AF181EFF1FE300370082829A /* LaunchScreen.storyboard */ = {
			isa = PBXVariantGroup;
			children = (
				AF181F001FE300370082829A /* Base */,
			);
			name = LaunchScreen.storyboard;
			sourceTree = "<group>";
		};
/* End PBXVariantGroup section */

/* Begin XCBuildConfiguration section */
		AF181F031FE300370082829A /* Debug */ = {
			isa = XCBuildConfiguration;
			baseConfigurationReference = 569E4E97102CD7F941BC841F /* Pods-json-parsing.debug.xcconfig */;
			buildSettings = {
				ALWAYS_SEARCH_USER_PATHS = NO;
				CLANG_ANALYZER_NONNULL = YES;
				CLANG_ANALYZER_NUMBER_OBJECT_CONVERSION = YES_AGGRESSIVE;
				CLANG_CXX_LANGUAGE_STANDARD = "gnu++14";
				CLANG_CXX_LIBRARY = "libc++";
				CLANG_ENABLE_MODULES = YES;
				CLANG_ENABLE_OBJC_ARC = YES;
				CLANG_WARN_BLOCK_CAPTURE_AUTORELEASING = YES;
				CLANG_WARN_BOOL_CONVERSION = YES;
				CLANG_WARN_COMMA = YES;
				CLANG_WARN_CONSTANT_CONVERSION = YES;
				CLANG_WARN_DIRECT_OBJC_ISA_USAGE = YES_ERROR;
				CLANG_WARN_DOCUMENTATION_COMMENTS = YES;
				CLANG_WARN_EMPTY_BODY = YES;
				CLANG_WARN_ENUM_CONVERSION = YES;
				CLANG_WARN_INFINITE_RECURSION = YES;
				CLANG_WARN_INT_CONVERSION = YES;
				CLANG_WARN_NON_LITERAL_NULL_CONVERSION = YES;
				CLANG_WARN_OBJC_LITERAL_CONVERSION = YES;
				CLANG_WARN_OBJC_ROOT_CLASS = YES_ERROR;
				CLANG_WARN_RANGE_LOOP_ANALYSIS = YES;
				CLANG_WARN_STRICT_PROTOTYPES = YES;
				CLANG_WARN_SUSPICIOUS_MOVE = YES;
				CLANG_WARN_UNGUARDED_AVAILABILITY = YES_AGGRESSIVE;
				CLANG_WARN_UNREACHABLE_CODE = YES;
				CLANG_WARN__DUPLICATE_METHOD_MATCH = YES;
				CODE_SIGN_IDENTITY = "iPhone Developer";
				COPY_PHASE_STRIP = NO;
				DEBUG_INFORMATION_FORMAT = dwarf;
				ENABLE_STRICT_OBJC_MSGSEND = YES;
				ENABLE_TESTABILITY = YES;
				GCC_C_LANGUAGE_STANDARD = gnu11;
				GCC_DYNAMIC_NO_PIC = NO;
				GCC_NO_COMMON_BLOCKS = YES;
				GCC_OPTIMIZATION_LEVEL = 0;
				GCC_PREPROCESSOR_DEFINITIONS = (
					"DEBUG=1",
					"$(inherited)",
				);
				GCC_WARN_64_TO_32_BIT_CONVERSION = YES;
				GCC_WARN_ABOUT_RETURN_TYPE = YES_ERROR;
				GCC_WARN_UNDECLARED_SELECTOR = YES;
				GCC_WARN_UNINITIALIZED_AUTOS = YES_AGGRESSIVE;
				GCC_WARN_UNUSED_FUNCTION = YES;
				GCC_WARN_UNUSED_VARIABLE = YES;
				IPHONEOS_DEPLOYMENT_TARGET = 11.2;
				MTL_ENABLE_DEBUG_INFO = YES;
				ONLY_ACTIVE_ARCH = YES;
				SDKROOT = iphoneos;
				SWIFT_ACTIVE_COMPILATION_CONDITIONS = DEBUG;
				SWIFT_OPTIMIZATION_LEVEL = "-Onone";
			};
			name = Debug;
		};
		AF181F041FE300370082829A /* Release */ = {
			isa = XCBuildConfiguration;
			baseConfigurationReference = 112084FF2AD4954FFACA8439 /* Pods-json-parsing.release.xcconfig */;
			buildSettings = {
				ALWAYS_SEARCH_USER_PATHS = NO;
				CLANG_ANALYZER_NONNULL = YES;
				CLANG_ANALYZER_NUMBER_OBJECT_CONVERSION = YES_AGGRESSIVE;
				CLANG_CXX_LANGUAGE_STANDARD = "gnu++14";
				CLANG_CXX_LIBRARY = "libc++";
				CLANG_ENABLE_MODULES = YES;
				CLANG_ENABLE_OBJC_ARC = YES;
				CLANG_WARN_BLOCK_CAPTURE_AUTORELEASING = YES;
				CLANG_WARN_BOOL_CONVERSION = YES;
				CLANG_WARN_COMMA = YES;
				CLANG_WARN_CONSTANT_CONVERSION = YES;
				CLANG_WARN_DIRECT_OBJC_ISA_USAGE = YES_ERROR;
				CLANG_WARN_DOCUMENTATION_COMMENTS = YES;
				CLANG_WARN_EMPTY_BODY = YES;
				CLANG_WARN_ENUM_CONVERSION = YES;
				CLANG_WARN_INFINITE_RECURSION = YES;
				CLANG_WARN_INT_CONVERSION = YES;
				CLANG_WARN_NON_LITERAL_NULL_CONVERSION = YES;
				CLANG_WARN_OBJC_LITERAL_CONVERSION = YES;
				CLANG_WARN_OBJC_ROOT_CLASS = YES_ERROR;
				CLANG_WARN_RANGE_LOOP_ANALYSIS = YES;
				CLANG_WARN_STRICT_PROTOTYPES = YES;
				CLANG_WARN_SUSPICIOUS_MOVE = YES;
				CLANG_WARN_UNGUARDED_AVAILABILITY = YES_AGGRESSIVE;
				CLANG_WARN_UNREACHABLE_CODE = YES;
				CLANG_WARN__DUPLICATE_METHOD_MATCH = YES;
				CODE_SIGN_IDENTITY = "iPhone Developer";
				COPY_PHASE_STRIP = NO;
				DEBUG_INFORMATION_FORMAT = "dwarf-with-dsym";
				ENABLE_NS_ASSERTIONS = NO;
				ENABLE_STRICT_OBJC_MSGSEND = YES;
				GCC_C_LANGUAGE_STANDARD = gnu11;
				GCC_NO_COMMON_BLOCKS = YES;
				GCC_WARN_64_TO_32_BIT_CONVERSION = YES;
				GCC_WARN_ABOUT_RETURN_TYPE = YES_ERROR;
				GCC_WARN_UNDECLARED_SELECTOR = YES;
				GCC_WARN_UNINITIALIZED_AUTOS = YES_AGGRESSIVE;
				GCC_WARN_UNUSED_FUNCTION = YES;
				GCC_WARN_UNUSED_VARIABLE = YES;
				IPHONEOS_DEPLOYMENT_TARGET = 11.2;
				MTL_ENABLE_DEBUG_INFO = NO;
				SDKROOT = iphoneos;
				SWIFT_OPTIMIZATION_LEVEL = "-Owholemodule";
				VALIDATE_PRODUCT = YES;
			};
			name = Release;
		};
		AF181F061FE300370082829A /* Debug */ = {
			isa = XCBuildConfiguration;
			baseConfigurationReference = 569E4E97102CD7F941BC841F /* Pods-json-parsing.debug.xcconfig */;
			buildSettings = {
				ASSETCATALOG_COMPILER_APPICON_NAME = AppIcon;
				CODE_SIGN_STYLE = Automatic;
				INFOPLIST_FILE = "json-parsing/Info.plist";
				LD_RUNPATH_SEARCH_PATHS = "$(inherited) @executable_path/Frameworks";
				PRODUCT_BUNDLE_IDENTIFIER = "com.brogrammers.json-parsing";
				PRODUCT_NAME = "$(TARGET_NAME)";
				SWIFT_VERSION = 4.0;
				TARGETED_DEVICE_FAMILY = "1,2";
			};
			name = Debug;
		};
		AF181F071FE300370082829A /* Release */ = {
			isa = XCBuildConfiguration;
			baseConfigurationReference = 112084FF2AD4954FFACA8439 /* Pods-json-parsing.release.xcconfig */;
			buildSettings = {
				ASSETCATALOG_COMPILER_APPICON_NAME = AppIcon;
				CODE_SIGN_STYLE = Automatic;
				INFOPLIST_FILE = "json-parsing/Info.plist";
				LD_RUNPATH_SEARCH_PATHS = "$(inherited) @executable_path/Frameworks";
				PRODUCT_BUNDLE_IDENTIFIER = "com.brogrammers.json-parsing";
				PRODUCT_NAME = "$(TARGET_NAME)";
				SWIFT_VERSION = 4.0;
				TARGETED_DEVICE_FAMILY = "1,2";
			};
			name = Release;
		};
/* End XCBuildConfiguration section */

/* Begin XCConfigurationList section */
		AF181EEE1FE300370082829A /* Build configuration list for PBXProject "json-parsing" */ = {
			isa = XCConfigurationList;
			buildConfigurations = (
				AF181F031FE300370082829A /* Debug */,
				AF181F041FE300370082829A /* Release */,
			);
			defaultConfigurationIsVisible = 0;
			defaultConfigurationName = Release;
		};
		AF181F051FE300370082829A /* Build configuration list for PBXNativeTarget "json-parsing" */ = {
			isa = XCConfigurationList;
			buildConfigurations = (
				AF181F061FE300370082829A /* Debug */,
				AF181F071FE300370082829A /* Release */,
			);
			defaultConfigurationIsVisible = 0;
			defaultConfigurationName = Release;
		};
/* End XCConfigurationList section */
	};
	rootObject = AF181EEB1FE300370082829A /* Project object */;
}
